
Microsoft Visual Studio Solution File, Format Version 12.00
# Visual Studio Version 16
VisualStudioVersion = 16.0.29306.81
MinimumVisualStudioVersion = 10.0.40219.1
Project("{8BC9CEB8-8B4A-11D0-8D11-00A0C91BC942}") = "Websocket_Windows", "Websocket_Windows.vcxproj", "{CB4E993C-7560-4181-9A56-B7E40E3AAC62}"
EndProject
Global
	GlobalSection(SolutionConfigurationPlatforms) = preSolution
		Debug|x64 = Debug|x64
		Debug|x86 = Debug|x86
		Release|x64 = Release|x64
		Release|x86 = Release|x86
	EndGlobalSection
	GlobalSection(ProjectConfigurationPlatforms) = postSolution
		{CB4E993C-7560-4181-9A56-B7E40E3AAC62}.Debug|x64.ActiveCfg = Debug|x64
		{CB4E993C-7560-4181-9A56-B7E40E3AAC62}.Debug|x64.Build.0 = Debug|x64
		{CB4E993C-7560-4181-9A56-B7E40E3AAC62}.Debug|x86.ActiveCfg = Debug|Win32
		{CB4E993C-7560-4181-9A56-B7E40E3AAC62}.Debug|x86.Build.0 = Debug|Win32
		{CB4E993C-7560-4181-9A56-B7E40E3AAC62}.Release|x64.ActiveCfg = Release|x64
		{CB4E993C-7560-4181-9A56-B7E40E3AAC62}.Release|x64.Build.0 = Release|x64
		{CB4E993C-7560-4181-9A56-B7E40E3AAC62}.Release|x86.ActiveCfg = Release|Win32
		{CB4E993C-7560-4181-9A56-B7E40E3AAC62}.Release|x86.Build.0 = Release|Win32
	EndGlobalSection
	GlobalSection(SolutionProperties) = preSolution
		HideSolutionNode = FALSE
	EndGlobalSection
	GlobalSection(ExtensibilityGlobals) = postSolution
		SolutionGuid = {E4E04033-2E85-4C98-A2A3-F6041BB84215}
	EndGlobalSection
EndGlobal
