
Microsoft Visual Studio Solution File, Format Version 12.00
# Visual Studio Version 16
VisualStudioVersion = 16.0.29306.81
MinimumVisualStudioVersion = 10.0.40219.1
Project("{8BC9CEB8-8B4A-11D0-8D11-00A0C91BC942}") = "SocketIO_Windows", "SocketIO_Windows.vcxproj", "{19A2A676-ED7A-4F2A-A4E1-42B305F8AE0C}"
EndProject
Global
	GlobalSection(SolutionConfigurationPlatforms) = preSolution
		Debug|x64 = Debug|x64
		Debug|x86 = Debug|x86
		Release|x64 = Release|x64
		Release|x86 = Release|x86
	EndGlobalSection
	GlobalSection(ProjectConfigurationPlatforms) = postSolution
		{19A2A676-ED7A-4F2A-A4E1-42B305F8AE0C}.Debug|x64.ActiveCfg = Debug|x64
		{19A2A676-ED7A-4F2A-A4E1-42B305F8AE0C}.Debug|x64.Build.0 = Debug|x64
		{19A2A676-ED7A-4F2A-A4E1-42B305F8AE0C}.Debug|x86.ActiveCfg = Debug|Win32
		{19A2A676-ED7A-4F2A-A4E1-42B305F8AE0C}.Debug|x86.Build.0 = Debug|Win32
		{19A2A676-ED7A-4F2A-A4E1-42B305F8AE0C}.Release|x64.ActiveCfg = Release|x64
		{19A2A676-ED7A-4F2A-A4E1-42B305F8AE0C}.Release|x64.Build.0 = Release|x64
		{19A2A676-ED7A-4F2A-A4E1-42B305F8AE0C}.Release|x86.ActiveCfg = Release|Win32
		{19A2A676-ED7A-4F2A-A4E1-42B305F8AE0C}.Release|x86.Build.0 = Release|Win32
	EndGlobalSection
	GlobalSection(SolutionProperties) = preSolution
		HideSolutionNode = FALSE
	EndGlobalSection
	GlobalSection(ExtensibilityGlobals) = postSolution
		SolutionGuid = {D6938376-63D7-48C3-B386-AF53297118C4}
	EndGlobalSection
EndGlobal
