
Microsoft Visual Studio Solution File, Format Version 12.00
# Visual Studio Version 16
VisualStudioVersion = 16.0.29306.81
MinimumVisualStudioVersion = 10.0.40219.1
Project("{8BC9CEB8-8B4A-11D0-8D11-00A0C91BC942}") = "SocketIO", "SocketIO\SocketIO.vcxproj", "{80B700FC-8921-4D96-901F-F5B8D772E500}"
EndProject
Global
	GlobalSection(SolutionConfigurationPlatforms) = preSolution
		Debug|ARM = Debug|ARM
		Debug|ARM64 = Debug|ARM64
		Release|ARM = Release|ARM
		Release|ARM64 = Release|ARM64
	EndGlobalSection
	GlobalSection(ProjectConfigurationPlatforms) = postSolution
		{80B700FC-8921-4D96-901F-F5B8D772E500}.Debug|ARM.ActiveCfg = Debug|ARM
		{80B700FC-8921-4D96-901F-F5B8D772E500}.Debug|ARM.Build.0 = Debug|ARM
		{80B700FC-8921-4D96-901F-F5B8D772E500}.Debug|ARM.Deploy.0 = Debug|ARM
		{80B700FC-8921-4D96-901F-F5B8D772E500}.Debug|ARM64.ActiveCfg = Debug|ARM64
		{80B700FC-8921-4D96-901F-F5B8D772E500}.Debug|ARM64.Build.0 = Debug|ARM64
		{80B700FC-8921-4D96-901F-F5B8D772E500}.Debug|ARM64.Deploy.0 = Debug|ARM64
		{80B700FC-8921-4D96-901F-F5B8D772E500}.Release|ARM.ActiveCfg = Release|ARM
		{80B700FC-8921-4D96-901F-F5B8D772E500}.Release|ARM.Build.0 = Release|ARM
		{80B700FC-8921-4D96-901F-F5B8D772E500}.Release|ARM.Deploy.0 = Release|ARM
		{80B700FC-8921-4D96-901F-F5B8D772E500}.Release|ARM64.ActiveCfg = Release|ARM64
		{80B700FC-8921-4D96-901F-F5B8D772E500}.Release|ARM64.Build.0 = Release|ARM64
		{80B700FC-8921-4D96-901F-F5B8D772E500}.Release|ARM64.Deploy.0 = Release|ARM64
	EndGlobalSection
	GlobalSection(SolutionProperties) = preSolution
		HideSolutionNode = FALSE
	EndGlobalSection
	GlobalSection(ExtensibilityGlobals) = postSolution
		SolutionGuid = {03F573E7-22CA-4CD7-B7FC-4D0AAD46DAC2}
	EndGlobalSection
EndGlobal
