<?xml version="1.0" encoding="utf-8"?>
<Project ToolsVersion="4.0" xmlns="http://schemas.microsoft.com/developer/msbuild/2003">
  <ItemGroup>
    <Filter Include="Source Files">
      <UniqueIdentifier>{4FC737F1-C7A5-4376-A066-2A32D752A2FF}</UniqueIdentifier>
      <Extensions>cpp;c;cc;cxx;def;odl;idl;hpj;bat;asm;asmx</Extensions>
    </Filter>
    <Filter Include="Header Files">
      <UniqueIdentifier>{93995380-89BD-4b04-88EB-625FBE52EBFB}</UniqueIdentifier>
      <Extensions>h;hh;hpp;hxx;hm;inl;inc;xsd</Extensions>
    </Filter>
    <Filter Include="Resource Files">
      <UniqueIdentifier>{67DA6AB6-F800-4c08-8B7A-83BB121AAD01}</UniqueIdentifier>
      <Extensions>rc;ico;cur;bmp;dlg;rc2;rct;bin;rgs;gif;jpg;jpeg;jpe;resx;tiff;tif;png;wav</Extensions>
    </Filter>
  </ItemGroup>
  <ItemGroup>
    <ClCompile Include="socketio\main.cpp">
      <Filter>Source Files</Filter>
    </ClCompile>
    <ClCompile Include="socketio\include\socketio\examples\console\main.cpp">
      <Filter>Source Files</Filter>
    </ClCompile>
    <ClCompile Include="socketio\include\socketio\examples\qt\siochatdemo\main.cpp">
      <Filter>Source Files</Filter>
    </ClCompile>
    <ClCompile Include="socketio\include\socketio\examples\qt\siochatdemo\mainwindow.cpp">
      <Filter>Source Files</Filter>
    </ClCompile>
    <ClCompile Include="socketio\include\socketio\examples\qt\siochatdemo\nicknamedialog.cpp">
      <Filter>Source Files</Filter>
    </ClCompile>
    <ClCompile Include="socketio\include\socketio\out\build\x64-debug\cmakefiles\feature_tests.cxx">
      <Filter>Source Files</Filter>
    </ClCompile>
    <ClCompile Include="socketio\include\socketio\out\build\x64-debug\cmakefiles\feature_tests.c">
      <Filter>Source Files</Filter>
    </ClCompile>
    <ClCompile Include="socketio\include\socketio\out\build\x64-debug\cmakefiles\3.14.19060802-msvc_2\compileridc\CMakeCCompilerId.c">
      <Filter>Source Files</Filter>
    </ClCompile>
    <ClCompile Include="socketio\include\socketio\out\build\x64-debug\cmakefiles\3.14.19060802-msvc_2\compileridcxx\CMakeCXXCompilerId.cpp">
      <Filter>Source Files</Filter>
    </ClCompile>
    <ClCompile Include="socketio\include\socketio\out\build\x64-debug\cmakefiles\showincludes\main.c">
      <Filter>Source Files</Filter>
    </ClCompile>
    <ClCompile Include="socketio\include\socketio\src\sio_client.cpp">
      <Filter>Source Files</Filter>
    </ClCompile>
    <ClCompile Include="socketio\include\socketio\src\sio_socket.cpp">
      <Filter>Source Files</Filter>
    </ClCompile>
    <ClCompile Include="socketio\include\socketio\src\internal\sio_client_impl.cpp">
      <Filter>Source Files</Filter>
    </ClCompile>
    <ClCompile Include="socketio\include\socketio\src\internal\sio_packet.cpp">
      <Filter>Source Files</Filter>
    </ClCompile>
    <ClCompile Include="socketio\include\socketio\test\sio_test.cpp">
      <Filter>Source Files</Filter>
    </ClCompile>
  </ItemGroup>
  <ItemGroup>
    <ClInclude Include="socketio\include\socketio\examples\ios\siochatdemo\siochatdemo\AppDelegate.h">
      <Filter>Header Files</Filter>
    </ClInclude>
    <ClInclude Include="socketio\include\socketio\examples\ios\siochatdemo\siochatdemo\CRViewController.h">
      <Filter>Header Files</Filter>
    </ClInclude>
    <ClInclude Include="socketio\include\socketio\examples\qt\siochatdemo\mainwindow.h">
      <Filter>Header Files</Filter>
    </ClInclude>
    <ClInclude Include="socketio\include\socketio\examples\qt\siochatdemo\nicknamedialog.h">
      <Filter>Header Files</Filter>
    </ClInclude>
    <ClInclude Include="socketio\include\socketio\out\build\x64-debug\cmakefiles\showincludes\foo.h">
      <Filter>Header Files</Filter>
    </ClInclude>
    <ClInclude Include="socketio\include\socketio\src\sio_client.h">
      <Filter>Header Files</Filter>
    </ClInclude>
    <ClInclude Include="socketio\include\socketio\src\sio_message.h">
      <Filter>Header Files</Filter>
    </ClInclude>
    <ClInclude Include="socketio\include\socketio\src\sio_socket.h">
      <Filter>Header Files</Filter>
    </ClInclude>
    <ClInclude Include="socketio\include\socketio\src\internal\sio_client_impl.h">
      <Filter>Header Files</Filter>
    </ClInclude>
    <ClInclude Include="socketio\include\socketio\src\internal\sio_packet.h">
      <Filter>Header Files</Filter>
    </ClInclude>
    <ClInclude Include="socketio\include\socketio\test\json.hpp">
      <Filter>Header Files</Filter>
    </ClInclude>
  </ItemGroup>
  <ItemGroup>
    <None Include="socketio\include\socketio\out\build\x64-debug\cmakefiles\feature_tests.bin">
      <Filter>Resource Files</Filter>
    </None>
    <None Include="socketio\include\socketio\out\build\x64-debug\cmakefiles\3.14.19060802-msvc_2\CMakeDetermineCompilerABI_C.bin">
      <Filter>Resource Files</Filter>
    </None>
    <None Include="socketio\include\socketio\out\build\x64-debug\cmakefiles\3.14.19060802-msvc_2\CMakeDetermineCompilerABI_CXX.bin">
      <Filter>Resource Files</Filter>
    </None>
    <None Include="socketio\readme\readme.html" />
  </ItemGroup>
</Project>